// !$*UTF8*$!
{
	archiveVersion = 1;
	classes = {
	};
	objectVersion = 51;
	objects = {

/* Begin PBXBuildFile section */
		4103B4870E609328F26E9E05 /* Pods_Calculator.framework in Frameworks */ = {isa = PBXBuildFile; fileRef = 6892DFEC523DB0ACE6F53903 /* Pods_Calculator.framework */; };
		750460850E1C6A123D541145 /* Pods_CalculatorTests.framework in Frameworks */ = {isa = PBXBuildFile; fileRef = 8464FAF700242A4A38F608D0 /* Pods_CalculatorTests.framework */; };
		98A647BFD131C6B931F2201F /* Pods_Calculator_CalculatorUITests.framework in Frameworks */ = {isa = PBXBuildFile; fileRef = 10CBADAA57F8A9A1D1A0D1FF /* Pods_Calculator_CalculatorUITests.framework */; };
		BB39EE69251FCA3600E28120 /* CalculatorViewController.swift in Sources */ = {isa = PBXBuildFile; fileRef = BB39EE67251FCA3600E28120 /* CalculatorViewController.swift */; };
		BB39EE6A251FCA3600E28120 /* CalculatorViewController.xib in Resources */ = {isa = PBXBuildFile; fileRef = BB39EE68251FCA3600E28120 /* CalculatorViewController.xib */; };
		BB39EE6E251FCA7400E28120 /* CurrencyConverterViewController.swift in Sources */ = {isa = PBXBuildFile; fileRef = BB39EE6C251FCA7400E28120 /* CurrencyConverterViewController.swift */; };
		BB39EE6F251FCA7400E28120 /* CurrencyConverterViewController.xib in Resources */ = {isa = PBXBuildFile; fileRef = BB39EE6D251FCA7400E28120 /* CurrencyConverterViewController.xib */; };
		BB4118D7254CA8B800C54924 /* SpinnerView.swift in Sources */ = {isa = PBXBuildFile; fileRef = BB4118D6254CA8B800C54924 /* SpinnerView.swift */; };
		BB4118DF254CA8CD00C54924 /* SpinnerView.xib in Resources */ = {isa = PBXBuildFile; fileRef = BB4118DE254CA8CD00C54924 /* SpinnerView.xib */; };
		BBACC60F24E9803F00F6245C /* AppDelegate.swift in Sources */ = {isa = PBXBuildFile; fileRef = BBACC60E24E9803F00F6245C /* AppDelegate.swift */; };
		BBACC61124E9803F00F6245C /* SceneDelegate.swift in Sources */ = {isa = PBXBuildFile; fileRef = BBACC61024E9803F00F6245C /* SceneDelegate.swift */; };
		BBACC61324E9803F00F6245C /* BaseViewController.swift in Sources */ = {isa = PBXBuildFile; fileRef = BBACC61224E9803F00F6245C /* BaseViewController.swift */; };
		BBACC61624E9803F00F6245C /* Main.storyboard in Resources */ = {isa = PBXBuildFile; fileRef = BBACC61424E9803F00F6245C /* Main.storyboard */; };
		BBACC61824E9804000F6245C /* Assets.xcassets in Resources */ = {isa = PBXBuildFile; fileRef = BBACC61724E9804000F6245C /* Assets.xcassets */; };
		BBACC61B24E9804000F6245C /* LaunchScreen.storyboard in Resources */ = {isa = PBXBuildFile; fileRef = BBACC61924E9804000F6245C /* LaunchScreen.storyboard */; };
		BBACC62624E9804000F6245C /* CalculatorTests.swift in Sources */ = {isa = PBXBuildFile; fileRef = BBACC62524E9804000F6245C /* CalculatorTests.swift */; };
		BBACC63124E9804000F6245C /* CalculatorUITests.swift in Sources */ = {isa = PBXBuildFile; fileRef = BBACC63024E9804000F6245C /* CalculatorUITests.swift */; };
/* End PBXBuildFile section */

/* Begin PBXContainerItemProxy section */
		BBACC62224E9804000F6245C /* PBXContainerItemProxy */ = {
			isa = PBXContainerItemProxy;
			containerPortal = BBACC60324E9803F00F6245C /* Project object */;
			proxyType = 1;
			remoteGlobalIDString = BBACC60A24E9803F00F6245C;
			remoteInfo = Calculator;
		};
		BBACC62D24E9804000F6245C /* PBXContainerItemProxy */ = {
			isa = PBXContainerItemProxy;
			containerPortal = BBACC60324E9803F00F6245C /* Project object */;
			proxyType = 1;
			remoteGlobalIDString = BBACC60A24E9803F00F6245C;
			remoteInfo = Calculator;
		};
/* End PBXContainerItemProxy section */

/* Begin PBXFileReference section */
		10CBADAA57F8A9A1D1A0D1FF /* Pods_Calculator_CalculatorUITests.framework */ = {isa = PBXFileReference; explicitFileType = wrapper.framework; includeInIndex = 0; path = Pods_Calculator_CalculatorUITests.framework; sourceTree = BUILT_PRODUCTS_DIR; };
		27465344D45E5E9DB9A68A4A /* Pods-Calculator.release.xcconfig */ = {isa = PBXFileReference; includeInIndex = 1; lastKnownFileType = text.xcconfig; name = "Pods-Calculator.release.xcconfig"; path = "Target Support Files/Pods-Calculator/Pods-Calculator.release.xcconfig"; sourceTree = "<group>"; };
		4510FAE96C5AD63578F5A6DB /* Pods-CalculatorTests.debug.xcconfig */ = {isa = PBXFileReference; includeInIndex = 1; lastKnownFileType = text.xcconfig; name = "Pods-CalculatorTests.debug.xcconfig"; path = "Target Support Files/Pods-CalculatorTests/Pods-CalculatorTests.debug.xcconfig"; sourceTree = "<group>"; };
		594C856A423C7DD2F6181D18 /* Pods-Calculator.debug.xcconfig */ = {isa = PBXFileReference; includeInIndex = 1; lastKnownFileType = text.xcconfig; name = "Pods-Calculator.debug.xcconfig"; path = "Target Support Files/Pods-Calculator/Pods-Calculator.debug.xcconfig"; sourceTree = "<group>"; };
		6892DFEC523DB0ACE6F53903 /* Pods_Calculator.framework */ = {isa = PBXFileReference; explicitFileType = wrapper.framework; includeInIndex = 0; path = Pods_Calculator.framework; sourceTree = BUILT_PRODUCTS_DIR; };
		8464FAF700242A4A38F608D0 /* Pods_CalculatorTests.framework */ = {isa = PBXFileReference; explicitFileType = wrapper.framework; includeInIndex = 0; path = Pods_CalculatorTests.framework; sourceTree = BUILT_PRODUCTS_DIR; };
		AACBEE3562D1F38B3A328089 /* Pods-Calculator-CalculatorUITests.debug.xcconfig */ = {isa = PBXFileReference; includeInIndex = 1; lastKnownFileType = text.xcconfig; name = "Pods-Calculator-CalculatorUITests.debug.xcconfig"; path = "Target Support Files/Pods-Calculator-CalculatorUITests/Pods-Calculator-CalculatorUITests.debug.xcconfig"; sourceTree = "<group>"; };
		AE5A9EE6E09A3693DBE38347 /* Pods-CalculatorTests.release.xcconfig */ = {isa = PBXFileReference; includeInIndex = 1; lastKnownFileType = text.xcconfig; name = "Pods-CalculatorTests.release.xcconfig"; path = "Target Support Files/Pods-CalculatorTests/Pods-CalculatorTests.release.xcconfig"; sourceTree = "<group>"; };
		BB39EE67251FCA3600E28120 /* CalculatorViewController.swift */ = {isa = PBXFileReference; lastKnownFileType = sourcecode.swift; path = CalculatorViewController.swift; sourceTree = "<group>"; };
		BB39EE68251FCA3600E28120 /* CalculatorViewController.xib */ = {isa = PBXFileReference; lastKnownFileType = file.xib; path = CalculatorViewController.xib; sourceTree = "<group>"; };
		BB39EE6C251FCA7400E28120 /* CurrencyConverterViewController.swift */ = {isa = PBXFileReference; lastKnownFileType = sourcecode.swift; path = CurrencyConverterViewController.swift; sourceTree = "<group>"; };
		BB39EE6D251FCA7400E28120 /* CurrencyConverterViewController.xib */ = {isa = PBXFileReference; lastKnownFileType = file.xib; path = CurrencyConverterViewController.xib; sourceTree = "<group>"; };
		BB4118D6254CA8B800C54924 /* SpinnerView.swift */ = {isa = PBXFileReference; lastKnownFileType = sourcecode.swift; path = SpinnerView.swift; sourceTree = "<group>"; };
		BB4118DE254CA8CD00C54924 /* SpinnerView.xib */ = {isa = PBXFileReference; lastKnownFileType = file.xib; path = SpinnerView.xib; sourceTree = "<group>"; };
		BBACC60B24E9803F00F6245C /* Calculator.app */ = {isa = PBXFileReference; explicitFileType = wrapper.application; includeInIndex = 0; path = Calculator.app; sourceTree = BUILT_PRODUCTS_DIR; };
		BBACC60E24E9803F00F6245C /* AppDelegate.swift */ = {isa = PBXFileReference; lastKnownFileType = sourcecode.swift; path = AppDelegate.swift; sourceTree = "<group>"; };
		BBACC61024E9803F00F6245C /* SceneDelegate.swift */ = {isa = PBXFileReference; lastKnownFileType = sourcecode.swift; path = SceneDelegate.swift; sourceTree = "<group>"; };
		BBACC61224E9803F00F6245C /* BaseViewController.swift */ = {isa = PBXFileReference; lastKnownFileType = sourcecode.swift; path = BaseViewController.swift; sourceTree = "<group>"; };
		BBACC61524E9803F00F6245C /* Base */ = {isa = PBXFileReference; lastKnownFileType = file.storyboard; name = Base; path = Base.lproj/Main.storyboard; sourceTree = "<group>"; };
		BBACC61724E9804000F6245C /* Assets.xcassets */ = {isa = PBXFileReference; lastKnownFileType = folder.assetcatalog; path = Assets.xcassets; sourceTree = "<group>"; };
		BBACC61A24E9804000F6245C /* Base */ = {isa = PBXFileReference; lastKnownFileType = file.storyboard; name = Base; path = Base.lproj/LaunchScreen.storyboard; sourceTree = "<group>"; };
		BBACC61C24E9804000F6245C /* Info.plist */ = {isa = PBXFileReference; lastKnownFileType = text.plist.xml; path = Info.plist; sourceTree = "<group>"; };
		BBACC62124E9804000F6245C /* CalculatorTests.xctest */ = {isa = PBXFileReference; explicitFileType = wrapper.cfbundle; includeInIndex = 0; path = CalculatorTests.xctest; sourceTree = BUILT_PRODUCTS_DIR; };
		BBACC62524E9804000F6245C /* CalculatorTests.swift */ = {isa = PBXFileReference; lastKnownFileType = sourcecode.swift; path = CalculatorTests.swift; sourceTree = "<group>"; };
		BBACC62724E9804000F6245C /* Info.plist */ = {isa = PBXFileReference; lastKnownFileType = text.plist.xml; path = Info.plist; sourceTree = "<group>"; };
		BBACC62C24E9804000F6245C /* CalculatorUITests.xctest */ = {isa = PBXFileReference; explicitFileType = wrapper.cfbundle; includeInIndex = 0; path = CalculatorUITests.xctest; sourceTree = BUILT_PRODUCTS_DIR; };
		BBACC63024E9804000F6245C /* CalculatorUITests.swift */ = {isa = PBXFileReference; lastKnownFileType = sourcecode.swift; path = CalculatorUITests.swift; sourceTree = "<group>"; };
		BBACC63224E9804000F6245C /* Info.plist */ = {isa = PBXFileReference; lastKnownFileType = text.plist.xml; path = Info.plist; sourceTree = "<group>"; };
		CFF4F7FF6C257F534186909C /* Pods-Calculator-CalculatorUITests.release.xcconfig */ = {isa = PBXFileReference; includeInIndex = 1; lastKnownFileType = text.xcconfig; name = "Pods-Calculator-CalculatorUITests.release.xcconfig"; path = "Target Support Files/Pods-Calculator-CalculatorUITests/Pods-Calculator-CalculatorUITests.release.xcconfig"; sourceTree = "<group>"; };
/* End PBXFileReference section */

/* Begin PBXFrameworksBuildPhase section */
		BBACC60824E9803F00F6245C /* Frameworks */ = {
			isa = PBXFrameworksBuildPhase;
			buildActionMask = 2147483647;
			files = (
				4103B4870E609328F26E9E05 /* Pods_Calculator.framework in Frameworks */,
			);
			runOnlyForDeploymentPostprocessing = 0;
		};
		BBACC61E24E9804000F6245C /* Frameworks */ = {
			isa = PBXFrameworksBuildPhase;
			buildActionMask = 2147483647;
			files = (
				750460850E1C6A123D541145 /* Pods_CalculatorTests.framework in Frameworks */,
			);
			runOnlyForDeploymentPostprocessing = 0;
		};
		BBACC62924E9804000F6245C /* Frameworks */ = {
			isa = PBXFrameworksBuildPhase;
			buildActionMask = 2147483647;
			files = (
				98A647BFD131C6B931F2201F /* Pods_Calculator_CalculatorUITests.framework in Frameworks */,
			);
			runOnlyForDeploymentPostprocessing = 0;
		};
/* End PBXFrameworksBuildPhase section */

/* Begin PBXGroup section */
		3CFFC40D99BD8BDBC77C08E3 /* Frameworks */ = {
			isa = PBXGroup;
			children = (
				6892DFEC523DB0ACE6F53903 /* Pods_Calculator.framework */,
				10CBADAA57F8A9A1D1A0D1FF /* Pods_Calculator_CalculatorUITests.framework */,
				8464FAF700242A4A38F608D0 /* Pods_CalculatorTests.framework */,
			);
			name = Frameworks;
			sourceTree = "<group>";
		};
		3FD40F1A3DFA4AF0576BE112 /* Pods */ = {
			isa = PBXGroup;
			children = (
				594C856A423C7DD2F6181D18 /* Pods-Calculator.debug.xcconfig */,
				27465344D45E5E9DB9A68A4A /* Pods-Calculator.release.xcconfig */,
				AACBEE3562D1F38B3A328089 /* Pods-Calculator-CalculatorUITests.debug.xcconfig */,
				CFF4F7FF6C257F534186909C /* Pods-Calculator-CalculatorUITests.release.xcconfig */,
				4510FAE96C5AD63578F5A6DB /* Pods-CalculatorTests.debug.xcconfig */,
				AE5A9EE6E09A3693DBE38347 /* Pods-CalculatorTests.release.xcconfig */,
			);
			path = Pods;
			sourceTree = "<group>";
		};
		BB39EE6B251FCA4400E28120 /* Segments */ = {
			isa = PBXGroup;
			children = (
				BB39EE67251FCA3600E28120 /* CalculatorViewController.swift */,
				BB39EE68251FCA3600E28120 /* CalculatorViewController.xib */,
				BB39EE6C251FCA7400E28120 /* CurrencyConverterViewController.swift */,
				BB39EE6D251FCA7400E28120 /* CurrencyConverterViewController.xib */,
			);
			path = Segments;
			sourceTree = "<group>";
		};
		BB4118D5254CA87200C54924 /* Custom Views */ = {
			isa = PBXGroup;
			children = (
				BB4118D6254CA8B800C54924 /* SpinnerView.swift */,
				BB4118DE254CA8CD00C54924 /* SpinnerView.xib */,
			);
			path = "Custom Views";
			sourceTree = "<group>";
		};
		BBACC60224E9803F00F6245C = {
			isa = PBXGroup;
			children = (
				BBACC60D24E9803F00F6245C /* Calculator */,
				BBACC62424E9804000F6245C /* CalculatorTests */,
				BBACC62F24E9804000F6245C /* CalculatorUITests */,
				BBACC60C24E9803F00F6245C /* Products */,
				3FD40F1A3DFA4AF0576BE112 /* Pods */,
				3CFFC40D99BD8BDBC77C08E3 /* Frameworks */,
			);
			sourceTree = "<group>";
		};
		BBACC60C24E9803F00F6245C /* Products */ = {
			isa = PBXGroup;
			children = (
				BBACC60B24E9803F00F6245C /* Calculator.app */,
				BBACC62124E9804000F6245C /* CalculatorTests.xctest */,
				BBACC62C24E9804000F6245C /* CalculatorUITests.xctest */,
			);
			name = Products;
			sourceTree = "<group>";
		};
		BBACC60D24E9803F00F6245C /* Calculator */ = {
			isa = PBXGroup;
			children = (
				BB4118D5254CA87200C54924 /* Custom Views */,
				BB39EE6B251FCA4400E28120 /* Segments */,
				BBACC60E24E9803F00F6245C /* AppDelegate.swift */,
				BBACC61024E9803F00F6245C /* SceneDelegate.swift */,
				BBACC61224E9803F00F6245C /* BaseViewController.swift */,
				BBACC61424E9803F00F6245C /* Main.storyboard */,
				BBACC61724E9804000F6245C /* Assets.xcassets */,
				BBACC61924E9804000F6245C /* LaunchScreen.storyboard */,
				BBACC61C24E9804000F6245C /* Info.plist */,
			);
			path = Calculator;
			sourceTree = "<group>";
		};
		BBACC62424E9804000F6245C /* CalculatorTests */ = {
			isa = PBXGroup;
			children = (
				BBACC62524E9804000F6245C /* CalculatorTests.swift */,
				BBACC62724E9804000F6245C /* Info.plist */,
			);
			path = CalculatorTests;
			sourceTree = "<group>";
		};
		BBACC62F24E9804000F6245C /* CalculatorUITests */ = {
			isa = PBXGroup;
			children = (
				BBACC63024E9804000F6245C /* CalculatorUITests.swift */,
				BBACC63224E9804000F6245C /* Info.plist */,
			);
			path = CalculatorUITests;
			sourceTree = "<group>";
		};
/* End PBXGroup section */

/* Begin PBXNativeTarget section */
		BBACC60A24E9803F00F6245C /* Calculator */ = {
			isa = PBXNativeTarget;
			buildConfigurationList = BBACC63524E9804000F6245C /* Build configuration list for PBXNativeTarget "Calculator" */;
			buildPhases = (
				5203B3D5B4B28D8FF7672905 /* [CP] Check Pods Manifest.lock */,
				BBACC60724E9803F00F6245C /* Sources */,
				BBACC60824E9803F00F6245C /* Frameworks */,
				BBACC60924E9803F00F6245C /* Resources */,
				73DFB15938E3EDC783A52D3B /* [CP] Embed Pods Frameworks */,
			);
			buildRules = (
			);
			dependencies = (
			);
			name = Calculator;
			productName = Calculator;
			productReference = BBACC60B24E9803F00F6245C /* Calculator.app */;
			productType = "com.apple.product-type.application";
		};
		BBACC62024E9804000F6245C /* CalculatorTests */ = {
			isa = PBXNativeTarget;
			buildConfigurationList = BBACC63824E9804000F6245C /* Build configuration list for PBXNativeTarget "CalculatorTests" */;
			buildPhases = (
				BABB3CDCCEF47BED302DB9F8 /* [CP] Check Pods Manifest.lock */,
				BBACC61D24E9804000F6245C /* Sources */,
				BBACC61E24E9804000F6245C /* Frameworks */,
				BBACC61F24E9804000F6245C /* Resources */,
			);
			buildRules = (
			);
			dependencies = (
				BBACC62324E9804000F6245C /* PBXTargetDependency */,
			);
			name = CalculatorTests;
			productName = CalculatorTests;
			productReference = BBACC62124E9804000F6245C /* CalculatorTests.xctest */;
			productType = "com.apple.product-type.bundle.unit-test";
		};
		BBACC62B24E9804000F6245C /* CalculatorUITests */ = {
			isa = PBXNativeTarget;
			buildConfigurationList = BBACC63B24E9804000F6245C /* Build configuration list for PBXNativeTarget "CalculatorUITests" */;
			buildPhases = (
				3DBBA73968D4F782346FE85C /* [CP] Check Pods Manifest.lock */,
				BBACC62824E9804000F6245C /* Sources */,
				BBACC62924E9804000F6245C /* Frameworks */,
				BBACC62A24E9804000F6245C /* Resources */,
				BE14953130DCFE749F494BE1 /* [CP] Embed Pods Frameworks */,
			);
			buildRules = (
			);
			dependencies = (
				BBACC62E24E9804000F6245C /* PBXTargetDependency */,
			);
			name = CalculatorUITests;
			productName = CalculatorUITests;
			productReference = BBACC62C24E9804000F6245C /* CalculatorUITests.xctest */;
			productType = "com.apple.product-type.bundle.ui-testing";
		};
/* End PBXNativeTarget section */

/* Begin PBXProject section */
		BBACC60324E9803F00F6245C /* Project object */ = {
			isa = PBXProject;
			attributes = {
				LastSwiftUpdateCheck = 1160;
				LastUpgradeCheck = 1200;
				ORGANIZATIONNAME = "Konstantinos Kolioulis";
				TargetAttributes = {
					BBACC60A24E9803F00F6245C = {
						CreatedOnToolsVersion = 11.6;
					};
					BBACC62024E9804000F6245C = {
						CreatedOnToolsVersion = 11.6;
						TestTargetID = BBACC60A24E9803F00F6245C;
					};
					BBACC62B24E9804000F6245C = {
						CreatedOnToolsVersion = 11.6;
						TestTargetID = BBACC60A24E9803F00F6245C;
					};
				};
			};
			buildConfigurationList = BBACC60624E9803F00F6245C /* Build configuration list for PBXProject "Calculator" */;
			compatibilityVersion = "Xcode 9.3";
			developmentRegion = en;
			hasScannedForEncodings = 0;
			knownRegions = (
				en,
				Base,
			);
			mainGroup = BBACC60224E9803F00F6245C;
			productRefGroup = BBACC60C24E9803F00F6245C /* Products */;
			projectDirPath = "";
			projectRoot = "";
			targets = (
				BBACC60A24E9803F00F6245C /* Calculator */,
				BBACC62024E9804000F6245C /* CalculatorTests */,
				BBACC62B24E9804000F6245C /* CalculatorUITests */,
			);
		};
/* End PBXProject section */

/* Begin PBXResourcesBuildPhase section */
		BBACC60924E9803F00F6245C /* Resources */ = {
			isa = PBXResourcesBuildPhase;
			buildActionMask = 2147483647;
			files = (
				BBACC61B24E9804000F6245C /* LaunchScreen.storyboard in Resources */,
				BBACC61824E9804000F6245C /* Assets.xcassets in Resources */,
				BB39EE6A251FCA3600E28120 /* CalculatorViewController.xib in Resources */,
				BBACC61624E9803F00F6245C /* Main.storyboard in Resources */,
				BB4118DF254CA8CD00C54924 /* SpinnerView.xib in Resources */,
				BB39EE6F251FCA7400E28120 /* CurrencyConverterViewController.xib in Resources */,
			);
			runOnlyForDeploymentPostprocessing = 0;
		};
		BBACC61F24E9804000F6245C /* Resources */ = {
			isa = PBXResourcesBuildPhase;
			buildActionMask = 2147483647;
			files = (
			);
			runOnlyForDeploymentPostprocessing = 0;
		};
		BBACC62A24E9804000F6245C /* Resources */ = {
			isa = PBXResourcesBuildPhase;
			buildActionMask = 2147483647;
			files = (
			);
			runOnlyForDeploymentPostprocessing = 0;
		};
/* End PBXResourcesBuildPhase section */

/* Begin PBXShellScriptBuildPhase section */
		3DBBA73968D4F782346FE85C /* [CP] Check Pods Manifest.lock */ = {
			isa = PBXShellScriptBuildPhase;
			buildActionMask = 2147483647;
			files = (
			);
			inputFileListPaths = (
			);
			inputPaths = (
				"${PODS_PODFILE_DIR_PATH}/Podfile.lock",
				"${PODS_ROOT}/Manifest.lock",
			);
			name = "[CP] Check Pods Manifest.lock";
			outputFileListPaths = (
			);
			outputPaths = (
				"$(DERIVED_FILE_DIR)/Pods-Calculator-CalculatorUITests-checkManifestLockResult.txt",
			);
			runOnlyForDeploymentPostprocessing = 0;
			shellPath = /bin/sh;
			shellScript = "diff \"${PODS_PODFILE_DIR_PATH}/Podfile.lock\" \"${PODS_ROOT}/Manifest.lock\" > /dev/null\nif [ $? != 0 ] ; then\n    # print error to STDERR\n    echo \"error: The sandbox is not in sync with the Podfile.lock. Run 'pod install' or update your CocoaPods installation.\" >&2\n    exit 1\nfi\n# This output is used by Xcode 'outputs' to avoid re-running this script phase.\necho \"SUCCESS\" > \"${SCRIPT_OUTPUT_FILE_0}\"\n";
			showEnvVarsInLog = 0;
		};
		5203B3D5B4B28D8FF7672905 /* [CP] Check Pods Manifest.lock */ = {
			isa = PBXShellScriptBuildPhase;
			buildActionMask = 2147483647;
			files = (
			);
			inputFileListPaths = (
			);
			inputPaths = (
				"${PODS_PODFILE_DIR_PATH}/Podfile.lock",
				"${PODS_ROOT}/Manifest.lock",
			);
			name = "[CP] Check Pods Manifest.lock";
			outputFileListPaths = (
			);
			outputPaths = (
				"$(DERIVED_FILE_DIR)/Pods-Calculator-checkManifestLockResult.txt",
			);
			runOnlyForDeploymentPostprocessing = 0;
			shellPath = /bin/sh;
			shellScript = "diff \"${PODS_PODFILE_DIR_PATH}/Podfile.lock\" \"${PODS_ROOT}/Manifest.lock\" > /dev/null\nif [ $? != 0 ] ; then\n    # print error to STDERR\n    echo \"error: The sandbox is not in sync with the Podfile.lock. Run 'pod install' or update your CocoaPods installation.\" >&2\n    exit 1\nfi\n# This output is used by Xcode 'outputs' to avoid re-running this script phase.\necho \"SUCCESS\" > \"${SCRIPT_OUTPUT_FILE_0}\"\n";
			showEnvVarsInLog = 0;
		};
		73DFB15938E3EDC783A52D3B /* [CP] Embed Pods Frameworks */ = {
			isa = PBXShellScriptBuildPhase;
			buildActionMask = 2147483647;
			files = (
			);
			inputFileListPaths = (
				"${PODS_ROOT}/Target Support Files/Pods-Calculator/Pods-Calculator-frameworks-${CONFIGURATION}-input-files.xcfilelist",
			);
			name = "[CP] Embed Pods Frameworks";
			outputFileListPaths = (
				"${PODS_ROOT}/Target Support Files/Pods-Calculator/Pods-Calculator-frameworks-${CONFIGURATION}-output-files.xcfilelist",
			);
			runOnlyForDeploymentPostprocessing = 0;
			shellPath = /bin/sh;
			shellScript = "\"${PODS_ROOT}/Target Support Files/Pods-Calculator/Pods-Calculator-frameworks.sh\"\n";
			showEnvVarsInLog = 0;
		};
		BABB3CDCCEF47BED302DB9F8 /* [CP] Check Pods Manifest.lock */ = {
			isa = PBXShellScriptBuildPhase;
			buildActionMask = 2147483647;
			files = (
			);
			inputFileListPaths = (
			);
			inputPaths = (
				"${PODS_PODFILE_DIR_PATH}/Podfile.lock",
				"${PODS_ROOT}/Manifest.lock",
			);
			name = "[CP] Check Pods Manifest.lock";
			outputFileListPaths = (
			);
			outputPaths = (
				"$(DERIVED_FILE_DIR)/Pods-CalculatorTests-checkManifestLockResult.txt",
			);
			runOnlyForDeploymentPostprocessing = 0;
			shellPath = /bin/sh;
			shellScript = "diff \"${PODS_PODFILE_DIR_PATH}/Podfile.lock\" \"${PODS_ROOT}/Manifest.lock\" > /dev/null\nif [ $? != 0 ] ; then\n    # print error to STDERR\n    echo \"error: The sandbox is not in sync with the Podfile.lock. Run 'pod install' or update your CocoaPods installation.\" >&2\n    exit 1\nfi\n# This output is used by Xcode 'outputs' to avoid re-running this script phase.\necho \"SUCCESS\" > \"${SCRIPT_OUTPUT_FILE_0}\"\n";
			showEnvVarsInLog = 0;
		};
		BE14953130DCFE749F494BE1 /* [CP] Embed Pods Frameworks */ = {
			isa = PBXShellScriptBuildPhase;
			buildActionMask = 2147483647;
			files = (
			);
			inputFileListPaths = (
				"${PODS_ROOT}/Target Support Files/Pods-Calculator-CalculatorUITests/Pods-Calculator-CalculatorUITests-frameworks-${CONFIGURATION}-input-files.xcfilelist",
			);
			name = "[CP] Embed Pods Frameworks";
			outputFileListPaths = (
				"${PODS_ROOT}/Target Support Files/Pods-Calculator-CalculatorUITests/Pods-Calculator-CalculatorUITests-frameworks-${CONFIGURATION}-output-files.xcfilelist",
			);
			runOnlyForDeploymentPostprocessing = 0;
			shellPath = /bin/sh;
			shellScript = "\"${PODS_ROOT}/Target Support Files/Pods-Calculator-CalculatorUITests/Pods-Calculator-CalculatorUITests-frameworks.sh\"\n";
			showEnvVarsInLog = 0;
		};
/* End PBXShellScriptBuildPhase section */

/* Begin PBXSourcesBuildPhase section */
		BBACC60724E9803F00F6245C /* Sources */ = {
			isa = PBXSourcesBuildPhase;
			buildActionMask = 2147483647;
			files = (
				BB39EE6E251FCA7400E28120 /* CurrencyConverterViewController.swift in Sources */,
				BB39EE69251FCA3600E28120 /* CalculatorViewController.swift in Sources */,
				BBACC61324E9803F00F6245C /* BaseViewController.swift in Sources */,
				BBACC60F24E9803F00F6245C /* AppDelegate.swift in Sources */,
				BB4118D7254CA8B800C54924 /* SpinnerView.swift in Sources */,
				BBACC61124E9803F00F6245C /* SceneDelegate.swift in Sources */,
			);
			runOnlyForDeploymentPostprocessing = 0;
		};
		BBACC61D24E9804000F6245C /* Sources */ = {
			isa = PBXSourcesBuildPhase;
			buildActionMask = 2147483647;
			files = (
				BBACC62624E9804000F6245C /* CalculatorTests.swift in Sources */,
			);
			runOnlyForDeploymentPostprocessing = 0;
		};
		BBACC62824E9804000F6245C /* Sources */ = {
			isa = PBXSourcesBuildPhase;
			buildActionMask = 2147483647;
			files = (
				BBACC63124E9804000F6245C /* CalculatorUITests.swift in Sources */,
			);
			runOnlyForDeploymentPostprocessing = 0;
		};
/* End PBXSourcesBuildPhase section */

/* Begin PBXTargetDependency section */
		BBACC62324E9804000F6245C /* PBXTargetDependency */ = {
			isa = PBXTargetDependency;
			target = BBACC60A24E9803F00F6245C /* Calculator */;
			targetProxy = BBACC62224E9804000F6245C /* PBXContainerItemProxy */;
		};
		BBACC62E24E9804000F6245C /* PBXTargetDependency */ = {
			isa = PBXTargetDependency;
			target = BBACC60A24E9803F00F6245C /* Calculator */;
			targetProxy = BBACC62D24E9804000F6245C /* PBXContainerItemProxy */;
		};
/* End PBXTargetDependency section */

/* Begin PBXVariantGroup section */
		BBACC61424E9803F00F6245C /* Main.storyboard */ = {
			isa = PBXVariantGroup;
			children = (
				BBACC61524E9803F00F6245C /* Base */,
			);
			name = Main.storyboard;
			sourceTree = "<group>";
		};
		BBACC61924E9804000F6245C /* LaunchScreen.storyboard */ = {
			isa = PBXVariantGroup;
			children = (
				BBACC61A24E9804000F6245C /* Base */,
			);
			name = LaunchScreen.storyboard;
			sourceTree = "<group>";
		};
/* End PBXVariantGroup section */

/* Begin XCBuildConfiguration section */
		BBACC63324E9804000F6245C /* Debug */ = {
			isa = XCBuildConfiguration;
			buildSettings = {
				ALWAYS_SEARCH_USER_PATHS = NO;
				CLANG_ANALYZER_NONNULL = YES;
				CLANG_ANALYZER_NUMBER_OBJECT_CONVERSION = YES_AGGRESSIVE;
				CLANG_CXX_LANGUAGE_STANDARD = "gnu++14";
				CLANG_CXX_LIBRARY = "libc++";
				CLANG_ENABLE_MODULES = YES;
				CLANG_ENABLE_OBJC_ARC = YES;
				CLANG_ENABLE_OBJC_WEAK = YES;
				CLANG_WARN_BLOCK_CAPTURE_AUTORELEASING = YES;
				CLANG_WARN_BOOL_CONVERSION = YES;
				CLANG_WARN_COMMA = YES;
				CLANG_WARN_CONSTANT_CONVERSION = YES;
				CLANG_WARN_DEPRECATED_OBJC_IMPLEMENTATIONS = YES;
				CLANG_WARN_DIRECT_OBJC_ISA_USAGE = YES_ERROR;
				CLANG_WARN_DOCUMENTATION_COMMENTS = YES;
				CLANG_WARN_EMPTY_BODY = YES;
				CLANG_WARN_ENUM_CONVERSION = YES;
				CLANG_WARN_INFINITE_RECURSION = YES;
				CLANG_WARN_INT_CONVERSION = YES;
				CLANG_WARN_NON_LITERAL_NULL_CONVERSION = YES;
				CLANG_WARN_OBJC_IMPLICIT_RETAIN_SELF = YES;
				CLANG_WARN_OBJC_LITERAL_CONVERSION = YES;
				CLANG_WARN_OBJC_ROOT_CLASS = YES_ERROR;
				CLANG_WARN_QUOTED_INCLUDE_IN_FRAMEWORK_HEADER = YES;
				CLANG_WARN_RANGE_LOOP_ANALYSIS = YES;
				CLANG_WARN_STRICT_PROTOTYPES = YES;
				CLANG_WARN_SUSPICIOUS_MOVE = YES;
				CLANG_WARN_UNGUARDED_AVAILABILITY = YES_AGGRESSIVE;
				CLANG_WARN_UNREACHABLE_CODE = YES;
				CLANG_WARN__DUPLICATE_METHOD_MATCH = YES;
				COPY_PHASE_STRIP = NO;
				DEBUG_INFORMATION_FORMAT = dwarf;
				ENABLE_STRICT_OBJC_MSGSEND = YES;
				ENABLE_TESTABILITY = YES;
				GCC_C_LANGUAGE_STANDARD = gnu11;
				GCC_DYNAMIC_NO_PIC = NO;
				GCC_NO_COMMON_BLOCKS = YES;
				GCC_OPTIMIZATION_LEVEL = 0;
				GCC_PREPROCESSOR_DEFINITIONS = (
					"DEBUG=1",
					"$(inherited)",
				);
				GCC_WARN_64_TO_32_BIT_CONVERSION = YES;
				GCC_WARN_ABOUT_RETURN_TYPE = YES_ERROR;
				GCC_WARN_UNDECLARED_SELECTOR = YES;
				GCC_WARN_UNINITIALIZED_AUTOS = YES_AGGRESSIVE;
				GCC_WARN_UNUSED_FUNCTION = YES;
				GCC_WARN_UNUSED_VARIABLE = YES;
				IPHONEOS_DEPLOYMENT_TARGET = 13.6;
				MTL_ENABLE_DEBUG_INFO = INCLUDE_SOURCE;
				MTL_FAST_MATH = YES;
				ONLY_ACTIVE_ARCH = YES;
				SDKROOT = iphoneos;
				SWIFT_ACTIVE_COMPILATION_CONDITIONS = DEBUG;
				SWIFT_OPTIMIZATION_LEVEL = "-Onone";
			};
			name = Debug;
		};
		BBACC63424E9804000F6245C /* Release */ = {
			isa = XCBuildConfiguration;
			buildSettings = {
				ALWAYS_SEARCH_USER_PATHS = NO;
				CLANG_ANALYZER_NONNULL = YES;
				CLANG_ANALYZER_NUMBER_OBJECT_CONVERSION = YES_AGGRESSIVE;
				CLANG_CXX_LANGUAGE_STANDARD = "gnu++14";
				CLANG_CXX_LIBRARY = "libc++";
				CLANG_ENABLE_MODULES = YES;
				CLANG_ENABLE_OBJC_ARC = YES;
				CLANG_ENABLE_OBJC_WEAK = YES;
				CLANG_WARN_BLOCK_CAPTURE_AUTORELEASING = YES;
				CLANG_WARN_BOOL_CONVERSION = YES;
				CLANG_WARN_COMMA = YES;
				CLANG_WARN_CONSTANT_CONVERSION = YES;
				CLANG_WARN_DEPRECATED_OBJC_IMPLEMENTATIONS = YES;
				CLANG_WARN_DIRECT_OBJC_ISA_USAGE = YES_ERROR;
				CLANG_WARN_DOCUMENTATION_COMMENTS = YES;
				CLANG_WARN_EMPTY_BODY = YES;
				CLANG_WARN_ENUM_CONVERSION = YES;
				CLANG_WARN_INFINITE_RECURSION = YES;
				CLANG_WARN_INT_CONVERSION = YES;
				CLANG_WARN_NON_LITERAL_NULL_CONVERSION = YES;
				CLANG_WARN_OBJC_IMPLICIT_RETAIN_SELF = YES;
				CLANG_WARN_OBJC_LITERAL_CONVERSION = YES;
				CLANG_WARN_OBJC_ROOT_CLASS = YES_ERROR;
				CLANG_WARN_QUOTED_INCLUDE_IN_FRAMEWORK_HEADER = YES;
				CLANG_WARN_RANGE_LOOP_ANALYSIS = YES;
				CLANG_WARN_STRICT_PROTOTYPES = YES;
				CLANG_WARN_SUSPICIOUS_MOVE = YES;
				CLANG_WARN_UNGUARDED_AVAILABILITY = YES_AGGRESSIVE;
				CLANG_WARN_UNREACHABLE_CODE = YES;
				CLANG_WARN__DUPLICATE_METHOD_MATCH = YES;
				COPY_PHASE_STRIP = NO;
				DEBUG_INFORMATION_FORMAT = "dwarf-with-dsym";
				ENABLE_NS_ASSERTIONS = NO;
				ENABLE_STRICT_OBJC_MSGSEND = YES;
				GCC_C_LANGUAGE_STANDARD = gnu11;
				GCC_NO_COMMON_BLOCKS = YES;
				GCC_WARN_64_TO_32_BIT_CONVERSION = YES;
				GCC_WARN_ABOUT_RETURN_TYPE = YES_ERROR;
				GCC_WARN_UNDECLARED_SELECTOR = YES;
				GCC_WARN_UNINITIALIZED_AUTOS = YES_AGGRESSIVE;
				GCC_WARN_UNUSED_FUNCTION = YES;
				GCC_WARN_UNUSED_VARIABLE = YES;
				IPHONEOS_DEPLOYMENT_TARGET = 13.6;
				MTL_ENABLE_DEBUG_INFO = NO;
				MTL_FAST_MATH = YES;
				SDKROOT = iphoneos;
				SWIFT_COMPILATION_MODE = wholemodule;
				SWIFT_OPTIMIZATION_LEVEL = "-O";
				VALIDATE_PRODUCT = YES;
			};
			name = Release;
		};
		BBACC63624E9804000F6245C /* Debug */ = {
			isa = XCBuildConfiguration;
			baseConfigurationReference = 594C856A423C7DD2F6181D18 /* Pods-Calculator.debug.xcconfig */;
			buildSettings = {
				ASSETCATALOG_COMPILER_APPICON_NAME = AppIcon;
				CODE_SIGN_STYLE = Automatic;
				DEVELOPMENT_TEAM = 95FBS49B54;
				INFOPLIST_FILE = Calculator/Info.plist;
				LD_RUNPATH_SEARCH_PATHS = (
					"$(inherited)",
					"@executable_path/Frameworks",
				);
				PRODUCT_BUNDLE_IDENTIFIER = com.kol.Calculator;
				PRODUCT_NAME = "$(TARGET_NAME)";
				SWIFT_VERSION = 5.0;
				TARGETED_DEVICE_FAMILY = "1,2";
			};
			name = Debug;
		};
		BBACC63724E9804000F6245C /* Release */ = {
			isa = XCBuildConfiguration;
			baseConfigurationReference = 27465344D45E5E9DB9A68A4A /* Pods-Calculator.release.xcconfig */;
			buildSettings = {
				ASSETCATALOG_COMPILER_APPICON_NAME = AppIcon;
				CODE_SIGN_STYLE = Automatic;
				DEVELOPMENT_TEAM = 95FBS49B54;
				INFOPLIST_FILE = Calculator/Info.plist;
				LD_RUNPATH_SEARCH_PATHS = (
					"$(inherited)",
					"@executable_path/Frameworks",
				);
				PRODUCT_BUNDLE_IDENTIFIER = com.kol.Calculator;
				PRODUCT_NAME = "$(TARGET_NAME)";
				SWIFT_VERSION = 5.0;
				TARGETED_DEVICE_FAMILY = "1,2";
			};
			name = Release;
		};
		BBACC63924E9804000F6245C /* Debug */ = {
			isa = XCBuildConfiguration;
			baseConfigurationReference = 4510FAE96C5AD63578F5A6DB /* Pods-CalculatorTests.debug.xcconfig */;
			buildSettings = {
				ALWAYS_EMBED_SWIFT_STANDARD_LIBRARIES = YES;
				BUNDLE_LOADER = "$(TEST_HOST)";
				CODE_SIGN_STYLE = Automatic;
				INFOPLIST_FILE = CalculatorTests/Info.plist;
				IPHONEOS_DEPLOYMENT_TARGET = 13.6;
				LD_RUNPATH_SEARCH_PATHS = (
					"$(inherited)",
					"@executable_path/Frameworks",
					"@loader_path/Frameworks",
				);
				PRODUCT_BUNDLE_IDENTIFIER = com.kol.CalculatorTests;
				PRODUCT_NAME = "$(TARGET_NAME)";
				SWIFT_VERSION = 5.0;
				TARGETED_DEVICE_FAMILY = "1,2";
				TEST_HOST = "$(BUILT_PRODUCTS_DIR)/Calculator.app/Calculator";
			};
			name = Debug;
		};
		BBACC63A24E9804000F6245C /* Release */ = {
			isa = XCBuildConfiguration;
			baseConfigurationReference = AE5A9EE6E09A3693DBE38347 /* Pods-CalculatorTests.release.xcconfig */;
			buildSettings = {
				ALWAYS_EMBED_SWIFT_STANDARD_LIBRARIES = YES;
				BUNDLE_LOADER = "$(TEST_HOST)";
				CODE_SIGN_STYLE = Automatic;
				INFOPLIST_FILE = CalculatorTests/Info.plist;
				IPHONEOS_DEPLOYMENT_TARGET = 13.6;
				LD_RUNPATH_SEARCH_PATHS = (
					"$(inherited)",
					"@executable_path/Frameworks",
					"@loader_path/Frameworks",
				);
				PRODUCT_BUNDLE_IDENTIFIER = com.kol.CalculatorTests;
				PRODUCT_NAME = "$(TARGET_NAME)";
				SWIFT_VERSION = 5.0;
				TARGETED_DEVICE_FAMILY = "1,2";
				TEST_HOST = "$(BUILT_PRODUCTS_DIR)/Calculator.app/Calculator";
			};
			name = Release;
		};
		BBACC63C24E9804000F6245C /* Debug */ = {
			isa = XCBuildConfiguration;
			baseConfigurationReference = AACBEE3562D1F38B3A328089 /* Pods-Calculator-CalculatorUITests.debug.xcconfig */;
			buildSettings = {
				ALWAYS_EMBED_SWIFT_STANDARD_LIBRARIES = YES;
				CODE_SIGN_STYLE = Automatic;
				INFOPLIST_FILE = CalculatorUITests/Info.plist;
				LD_RUNPATH_SEARCH_PATHS = (
					"$(inherited)",
					"@executable_path/Frameworks",
					"@loader_path/Frameworks",
				);
				PRODUCT_BUNDLE_IDENTIFIER = com.kol.CalculatorUITests;
				PRODUCT_NAME = "$(TARGET_NAME)";
				SWIFT_VERSION = 5.0;
				TARGETED_DEVICE_FAMILY = "1,2";
				TEST_TARGET_NAME = Calculator;
			};
			name = Debug;
		};
		BBACC63D24E9804000F6245C /* Release */ = {
			isa = XCBuildConfiguration;
			baseConfigurationReference = CFF4F7FF6C257F534186909C /* Pods-Calculator-CalculatorUITests.release.xcconfig */;
			buildSettings = {
				ALWAYS_EMBED_SWIFT_STANDARD_LIBRARIES = YES;
				CODE_SIGN_STYLE = Automatic;
				INFOPLIST_FILE = CalculatorUITests/Info.plist;
				LD_RUNPATH_SEARCH_PATHS = (
					"$(inherited)",
					"@executable_path/Frameworks",
					"@loader_path/Frameworks",
				);
				PRODUCT_BUNDLE_IDENTIFIER = com.kol.CalculatorUITests;
				PRODUCT_NAME = "$(TARGET_NAME)";
				SWIFT_VERSION = 5.0;
				TARGETED_DEVICE_FAMILY = "1,2";
				TEST_TARGET_NAME = Calculator;
			};
			name = Release;
		};
/* End XCBuildConfiguration section */

/* Begin XCConfigurationList section */
		BBACC60624E9803F00F6245C /* Build configuration list for PBXProject "Calculator" */ = {
			isa = XCConfigurationList;
			buildConfigurations = (
				BBACC63324E9804000F6245C /* Debug */,
				BBACC63424E9804000F6245C /* Release */,
			);
			defaultConfigurationIsVisible = 0;
			defaultConfigurationName = Release;
		};
		BBACC63524E9804000F6245C /* Build configuration list for PBXNativeTarget "Calculator" */ = {
			isa = XCConfigurationList;
			buildConfigurations = (
				BBACC63624E9804000F6245C /* Debug */,
				BBACC63724E9804000F6245C /* Release */,
			);
			defaultConfigurationIsVisible = 0;
			defaultConfigurationName = Release;
		};
		BBACC63824E9804000F6245C /* Build configuration list for PBXNativeTarget "CalculatorTests" */ = {
			isa = XCConfigurationList;
			buildConfigurations = (
				BBACC63924E9804000F6245C /* Debug */,
				BBACC63A24E9804000F6245C /* Release */,
			);
			defaultConfigurationIsVisible = 0;
			defaultConfigurationName = Release;
		};
		BBACC63B24E9804000F6245C /* Build configuration list for PBXNativeTarget "CalculatorUITests" */ = {
			isa = XCConfigurationList;
			buildConfigurations = (
				BBACC63C24E9804000F6245C /* Debug */,
				BBACC63D24E9804000F6245C /* Release */,
			);
			defaultConfigurationIsVisible = 0;
			defaultConfigurationName = Release;
		};
/* End XCConfigurationList section */
	};
	rootObject = BBACC60324E9803F00F6245C /* Project object */;
}
